
Microsoft Visual Studio Solution File, Format Version 12.00
# Visual Studio 15
VisualStudioVersion = 15.0.28307.329
MinimumVisualStudioVersion = 10.0.40219.1
Project("{FAE04EC0-301F-11D3-BF4B-00C04F79EFBC}") = "ders 44 ödev metot 2 sayı toplama", "ders 44 ödev metot 2 sayı toplama\ders 44 ödev metot 2 sayı toplama.csproj", "{7EECCC6D-8068-4EE4-81EF-CF44A58E2FD1}"
EndProject
Global
	GlobalSection(SolutionConfigurationPlatforms) = preSolution
		Debug|Any CPU = Debug|Any CPU
		Release|Any CPU = Release|Any CPU
	EndGlobalSection
	GlobalSection(ProjectConfigurationPlatforms) = postSolution
		{7EECCC6D-8068-4EE4-81EF-CF44A58E2FD1}.Debug|Any CPU.ActiveCfg = Debug|Any CPU
		{7EECCC6D-8068-4EE4-81EF-CF44A58E2FD1}.Debug|Any CPU.Build.0 = Debug|Any CPU
		{7EECCC6D-8068-4EE4-81EF-CF44A58E2FD1}.Release|Any CPU.ActiveCfg = Release|Any CPU
		{7EECCC6D-8068-4EE4-81EF-CF44A58E2FD1}.Release|Any CPU.Build.0 = Release|Any CPU
	EndGlobalSection
	GlobalSection(SolutionProperties) = preSolution
		HideSolutionNode = FALSE
	EndGlobalSection
	GlobalSection(ExtensibilityGlobals) = postSolution
		SolutionGuid = {98A7415F-C7B4-4593-A7B2-B2C27237E882}
	EndGlobalSection
EndGlobal
